
Microsoft Visual Studio Solution File, Format Version 12.00
# Visual Studio Version 17
VisualStudioVersion = 17.14.36811.4
MinimumVisualStudioVersion = 10.0.40219.1
Project("{FAE04EC0-301F-11D3-BF4B-00C04F79EFBC}") = "Net9.Security", "Net9.Security\Net9.Security.csproj", "{3AB9F6D9-86AE-4337-B5E1-7B3845C7D341}"
EndProject
Project("{FAE04EC0-301F-11D3-BF4B-00C04F79EFBC}") = "Net9.Security.API", "Net9.Security.API\Net9.Security.API.csproj", "{339BA59B-A24C-479E-B857-1FACC31FC54F}"
EndProject
Global
	GlobalSection(SolutionConfigurationPlatforms) = preSolution
		Debug|Any CPU = Debug|Any CPU
		Release|Any CPU = Release|Any CPU
	EndGlobalSection
	GlobalSection(ProjectConfigurationPlatforms) = postSolution
		{3AB9F6D9-86AE-4337-B5E1-7B3845C7D341}.Debug|Any CPU.ActiveCfg = Debug|Any CPU
		{3AB9F6D9-86AE-4337-B5E1-7B3845C7D341}.Debug|Any CPU.Build.0 = Debug|Any CPU
		{3AB9F6D9-86AE-4337-B5E1-7B3845C7D341}.Release|Any CPU.ActiveCfg = Release|Any CPU
		{3AB9F6D9-86AE-4337-B5E1-7B3845C7D341}.Release|Any CPU.Build.0 = Release|Any CPU
		{339BA59B-A24C-479E-B857-1FACC31FC54F}.Debug|Any CPU.ActiveCfg = Debug|Any CPU
		{339BA59B-A24C-479E-B857-1FACC31FC54F}.Debug|Any CPU.Build.0 = Debug|Any CPU
		{339BA59B-A24C-479E-B857-1FACC31FC54F}.Release|Any CPU.ActiveCfg = Release|Any CPU
		{339BA59B-A24C-479E-B857-1FACC31FC54F}.Release|Any CPU.Build.0 = Release|Any CPU
	EndGlobalSection
	GlobalSection(SolutionProperties) = preSolution
		HideSolutionNode = FALSE
	EndGlobalSection
	GlobalSection(ExtensibilityGlobals) = postSolution
		SolutionGuid = {0835E751-31F8-4F6D-A2E7-131C5953C8E4}
	EndGlobalSection
EndGlobal
